#MicroXplorer Configuration settings - do not modify
CAD.formats=
CAD.pinconfig=
CAD.provider=
CORTEX_M7.AccessPermission-Cortex_Memory_Protection_Unit_Region0_Settings=MPU_REGION_PRIV_RO
CORTEX_M7.BaseAddress-Cortex_Memory_Protection_Unit_Region0_Settings=0x08000000
CORTEX_M7.CPU_DCache=Disabled
CORTEX_M7.CPU_ICache=Enabled
CORTEX_M7.Enable-Cortex_Memory_Protection_Unit_Region0_Settings=MPU_REGION_ENABLE
CORTEX_M7.IPParameters=CPU_ICache,default_mode_Activation,CPU_DCache,MPU_Control,Enable-Cortex_Memory_Protection_Unit_Region0_Settings,BaseAddress-Cortex_Memory_Protection_Unit_Region0_Settings,Size-Cortex_Memory_Protection_Unit_Region0_Settings,AccessPermission-Cortex_Memory_Protection_Unit_Region0_Settings,TypeExtField-Cortex_Memory_Protection_Unit_Region0_Settings,IsCacheable-Cortex_Memory_Protection_Unit_Region0_Settings
CORTEX_M7.IsCacheable-Cortex_Memory_Protection_Unit_Region0_Settings=MPU_ACCESS_CACHEABLE
CORTEX_M7.MPU_Control=__NULL
CORTEX_M7.Size-Cortex_Memory_Protection_Unit_Region0_Settings=MPU_REGION_SIZE_1MB
CORTEX_M7.TypeExtField-Cortex_Memory_Protection_Unit_Region0_Settings=MPU_TEX_LEVEL1
CORTEX_M7.default_mode_Activation=0
Dma.Request0=USART1_TX
Dma.Request1=USART10_TX
Dma.Request2=UART5_RX
Dma.Request3=SPI2_TX
Dma.Request4=SPI2_RX
Dma.Request5=UART7_TX
Dma.RequestsNb=6
Dma.SPI2_RX.4.Direction=DMA_PERIPH_TO_MEMORY
Dma.SPI2_RX.4.EventEnable=DISABLE
Dma.SPI2_RX.4.FIFOMode=DMA_FIFOMODE_DISABLE
Dma.SPI2_RX.4.Instance=DMA1_Stream5
Dma.SPI2_RX.4.MemDataAlignment=DMA_MDATAALIGN_BYTE
Dma.SPI2_RX.4.MemInc=DMA_MINC_ENABLE
Dma.SPI2_RX.4.Mode=DMA_NORMAL
Dma.SPI2_RX.4.PeriphDataAlignment=DMA_PDATAALIGN_BYTE
Dma.SPI2_RX.4.PeriphInc=DMA_PINC_DISABLE
Dma.SPI2_RX.4.Polarity=HAL_DMAMUX_REQ_GEN_RISING
Dma.SPI2_RX.4.Priority=DMA_PRIORITY_MEDIUM
Dma.SPI2_RX.4.RequestNumber=1
Dma.SPI2_RX.4.RequestParameters=Instance,Direction,PeriphInc,MemInc,PeriphDataAlignment,MemDataAlignment,Mode,Priority,FIFOMode,SignalID,Polarity,RequestNumber,SyncSignalID,SyncPolarity,SyncEnable,EventEnable,SyncRequestNumber
Dma.SPI2_RX.4.SignalID=NONE
Dma.SPI2_RX.4.SyncEnable=DISABLE
Dma.SPI2_RX.4.SyncPolarity=HAL_DMAMUX_SYNC_NO_EVENT
Dma.SPI2_RX.4.SyncRequestNumber=1
Dma.SPI2_RX.4.SyncSignalID=NONE
Dma.SPI2_TX.3.Direction=DMA_MEMORY_TO_PERIPH
Dma.SPI2_TX.3.EventEnable=DISABLE
Dma.SPI2_TX.3.FIFOMode=DMA_FIFOMODE_DISABLE
Dma.SPI2_TX.3.Instance=DMA1_Stream4
Dma.SPI2_TX.3.MemDataAlignment=DMA_MDATAALIGN_BYTE
Dma.SPI2_TX.3.MemInc=DMA_MINC_ENABLE
Dma.SPI2_TX.3.Mode=DMA_NORMAL
Dma.SPI2_TX.3.PeriphDataAlignment=DMA_PDATAALIGN_BYTE
Dma.SPI2_TX.3.PeriphInc=DMA_PINC_DISABLE
Dma.SPI2_TX.3.Polarity=HAL_DMAMUX_REQ_GEN_RISING
Dma.SPI2_TX.3.Priority=DMA_PRIORITY_MEDIUM
Dma.SPI2_TX.3.RequestNumber=1
Dma.SPI2_TX.3.RequestParameters=Instance,Direction,PeriphInc,MemInc,PeriphDataAlignment,MemDataAlignment,Mode,Priority,FIFOMode,SignalID,Polarity,RequestNumber,SyncSignalID,SyncPolarity,SyncEnable,EventEnable,SyncRequestNumber
Dma.SPI2_TX.3.SignalID=NONE
Dma.SPI2_TX.3.SyncEnable=DISABLE
Dma.SPI2_TX.3.SyncPolarity=HAL_DMAMUX_SYNC_NO_EVENT
Dma.SPI2_TX.3.SyncRequestNumber=1
Dma.SPI2_TX.3.SyncSignalID=NONE
Dma.UART5_RX.2.Direction=DMA_PERIPH_TO_MEMORY
Dma.UART5_RX.2.EventEnable=DISABLE
Dma.UART5_RX.2.FIFOMode=DMA_FIFOMODE_DISABLE
Dma.UART5_RX.2.Instance=DMA1_Stream3
Dma.UART5_RX.2.MemDataAlignment=DMA_MDATAALIGN_BYTE
Dma.UART5_RX.2.MemInc=DMA_MINC_ENABLE
Dma.UART5_RX.2.Mode=DMA_NORMAL
Dma.UART5_RX.2.PeriphDataAlignment=DMA_PDATAALIGN_BYTE
Dma.UART5_RX.2.PeriphInc=DMA_PINC_DISABLE
Dma.UART5_RX.2.Polarity=HAL_DMAMUX_REQ_GEN_RISING
Dma.UART5_RX.2.Priority=DMA_PRIORITY_LOW
Dma.UART5_RX.2.RequestNumber=1
Dma.UART5_RX.2.RequestParameters=Instance,Direction,PeriphInc,MemInc,PeriphDataAlignment,MemDataAlignment,Mode,Priority,FIFOMode,SignalID,Polarity,RequestNumber,SyncSignalID,SyncPolarity,SyncEnable,EventEnable,SyncRequestNumber
Dma.UART5_RX.2.SignalID=NONE
Dma.UART5_RX.2.SyncEnable=DISABLE
Dma.UART5_RX.2.SyncPolarity=HAL_DMAMUX_SYNC_NO_EVENT
Dma.UART5_RX.2.SyncRequestNumber=1
Dma.UART5_RX.2.SyncSignalID=NONE
Dma.UART7_TX.5.Direction=DMA_MEMORY_TO_PERIPH
Dma.UART7_TX.5.EventEnable=DISABLE
Dma.UART7_TX.5.FIFOMode=DMA_FIFOMODE_DISABLE
Dma.UART7_TX.5.Instance=DMA1_Stream0
Dma.UART7_TX.5.MemDataAlignment=DMA_MDATAALIGN_BYTE
Dma.UART7_TX.5.MemInc=DMA_MINC_ENABLE
Dma.UART7_TX.5.Mode=DMA_NORMAL
Dma.UART7_TX.5.PeriphDataAlignment=DMA_PDATAALIGN_BYTE
Dma.UART7_TX.5.PeriphInc=DMA_PINC_DISABLE
Dma.UART7_TX.5.Polarity=HAL_DMAMUX_REQ_GEN_RISING
Dma.UART7_TX.5.Priority=DMA_PRIORITY_LOW
Dma.UART7_TX.5.RequestNumber=1
Dma.UART7_TX.5.RequestParameters=Instance,Direction,PeriphInc,MemInc,PeriphDataAlignment,MemDataAlignment,Mode,Priority,FIFOMode,SignalID,Polarity,RequestNumber,SyncSignalID,SyncPolarity,SyncEnable,EventEnable,SyncRequestNumber
Dma.UART7_TX.5.SignalID=NONE
Dma.UART7_TX.5.SyncEnable=DISABLE
Dma.UART7_TX.5.SyncPolarity=HAL_DMAMUX_SYNC_NO_EVENT
Dma.UART7_TX.5.SyncRequestNumber=1
Dma.UART7_TX.5.SyncSignalID=NONE
Dma.USART10_TX.1.Direction=DMA_MEMORY_TO_PERIPH
Dma.USART10_TX.1.EventEnable=DISABLE
Dma.USART10_TX.1.FIFOMode=DMA_FIFOMODE_DISABLE
Dma.USART10_TX.1.Instance=DMA1_Stream2
Dma.USART10_TX.1.MemDataAlignment=DMA_MDATAALIGN_BYTE
Dma.USART10_TX.1.MemInc=DMA_MINC_ENABLE
Dma.USART10_TX.1.Mode=DMA_NORMAL
Dma.USART10_TX.1.PeriphDataAlignment=DMA_PDATAALIGN_BYTE
Dma.USART10_TX.1.PeriphInc=DMA_PINC_DISABLE
Dma.USART10_TX.1.Polarity=HAL_DMAMUX_REQ_GEN_RISING
Dma.USART10_TX.1.Priority=DMA_PRIORITY_LOW
Dma.USART10_TX.1.RequestNumber=1
Dma.USART10_TX.1.RequestParameters=Instance,Direction,PeriphInc,MemInc,PeriphDataAlignment,MemDataAlignment,Mode,Priority,FIFOMode,SignalID,Polarity,RequestNumber,SyncSignalID,SyncPolarity,SyncEnable,EventEnable,SyncRequestNumber
Dma.USART10_TX.1.SignalID=NONE
Dma.USART10_TX.1.SyncEnable=DISABLE
Dma.USART10_TX.1.SyncPolarity=HAL_DMAMUX_SYNC_NO_EVENT
Dma.USART10_TX.1.SyncRequestNumber=1
Dma.USART10_TX.1.SyncSignalID=NONE
Dma.USART1_TX.0.Direction=DMA_MEMORY_TO_PERIPH
Dma.USART1_TX.0.EventEnable=DISABLE
Dma.USART1_TX.0.FIFOMode=DMA_FIFOMODE_DISABLE
Dma.USART1_TX.0.Instance=DMA1_Stream1
Dma.USART1_TX.0.MemDataAlignment=DMA_MDATAALIGN_BYTE
Dma.USART1_TX.0.MemInc=DMA_MINC_ENABLE
Dma.USART1_TX.0.Mode=DMA_NORMAL
Dma.USART1_TX.0.PeriphDataAlignment=DMA_PDATAALIGN_BYTE
Dma.USART1_TX.0.PeriphInc=DMA_PINC_DISABLE
Dma.USART1_TX.0.Polarity=HAL_DMAMUX_REQ_GEN_RISING
Dma.USART1_TX.0.Priority=DMA_PRIORITY_LOW
Dma.USART1_TX.0.RequestNumber=1
Dma.USART1_TX.0.RequestParameters=Instance,Direction,PeriphInc,MemInc,PeriphDataAlignment,MemDataAlignment,Mode,Priority,FIFOMode,SignalID,Polarity,RequestNumber,SyncSignalID,SyncPolarity,SyncEnable,EventEnable,SyncRequestNumber
Dma.USART1_TX.0.SignalID=NONE
Dma.USART1_TX.0.SyncEnable=DISABLE
Dma.USART1_TX.0.SyncPolarity=HAL_DMAMUX_SYNC_NO_EVENT
Dma.USART1_TX.0.SyncRequestNumber=1
Dma.USART1_TX.0.SyncSignalID=NONE
FDCAN1.CalculateBaudRateNominal=1000000
FDCAN1.CalculateTimeBitNominal=1000
FDCAN1.CalculateTimeQuantumNominal=200.0
FDCAN1.IPParameters=CalculateTimeQuantumNominal,CalculateTimeBitNominal,CalculateBaudRateNominal,StdFiltersNbr,RxFifo0ElmtsNbr,TxFifoQueueElmtsNbr,NominalTimeSeg1,NominalTimeSeg2
FDCAN1.NominalTimeSeg1=2
FDCAN1.NominalTimeSeg2=2
FDCAN1.RxFifo0ElmtsNbr=32
FDCAN1.StdFiltersNbr=1
FDCAN1.TxFifoQueueElmtsNbr=32
FDCAN2.CalculateBaudRateNominal=1000000
FDCAN2.CalculateTimeBitNominal=1000
FDCAN2.CalculateTimeQuantumNominal=200.0
FDCAN2.ClockCalibrationCCU=DISABLE
FDCAN2.IPParameters=CalculateTimeQuantumNominal,CalculateTimeBitNominal,CalculateBaudRateNominal,NominalTimeSeg1,NominalTimeSeg2,StdFiltersNbr,RxFifo0ElmtsNbr,TxFifoQueueElmtsNbr,ClockCalibrationCCU
FDCAN2.NominalTimeSeg1=2
FDCAN2.NominalTimeSeg2=2
FDCAN2.RxFifo0ElmtsNbr=32
FDCAN2.StdFiltersNbr=1
FDCAN2.TxFifoQueueElmtsNbr=32
FDCAN3.CalculateBaudRateNominal=1000000
FDCAN3.CalculateTimeBitNominal=1000
FDCAN3.CalculateTimeQuantumNominal=200.0
FDCAN3.IPParameters=CalculateTimeQuantumNominal,CalculateTimeBitNominal,CalculateBaudRateNominal,StdFiltersNbr,RxFifo0ElmtsNbr,TxFifoQueueElmtsNbr,NominalPrescaler,NominalTimeSeg1,NominalTimeSeg2
FDCAN3.NominalPrescaler=16
FDCAN3.NominalTimeSeg1=2
FDCAN3.NominalTimeSeg2=2
FDCAN3.RxFifo0ElmtsNbr=32
FDCAN3.StdFiltersNbr=1
FDCAN3.TxFifoQueueElmtsNbr=32
File.Version=6
GPIO.groupedBy=Group By Peripherals
KeepUserPlacement=false
MMTAppReg1.MEMORYMAP.AppRegionName=RAM
MMTAppReg1.MEMORYMAP.ContextName=Cortex-M7NS
MMTAppReg1.MEMORYMAP.CoreName=Arm Cortex-M7
MMTAppReg1.MEMORYMAP.DefaultDataRegion=true
MMTAppReg1.MEMORYMAP.IPParameters=StartAddress,Size,CoreName,ContextName,Name,DefaultDataRegion
MMTAppReg1.MEMORYMAP.Name=RAM
MMTAppReg1.MEMORYMAP.Size=131072
MMTAppReg1.MEMORYMAP.StartAddress=0x20000000
MMTAppReg2.MEMORYMAP.AppRegionName=RAM_D2
MMTAppReg2.MEMORYMAP.ContextName=Cortex-M7NS
MMTAppReg2.MEMORYMAP.CoreName=Arm Cortex-M7
MMTAppReg2.MEMORYMAP.IPParameters=StartAddress,Size,CoreName,ContextName,Name
MMTAppReg2.MEMORYMAP.Name=RAM_D2
MMTAppReg2.MEMORYMAP.Size=32768
MMTAppReg2.MEMORYMAP.StartAddress=0x30000000
MMTAppReg3.MEMORYMAP.AppRegionName=RAM_D3
MMTAppReg3.MEMORYMAP.ContextName=Cortex-M7NS
MMTAppReg3.MEMORYMAP.CoreName=Arm Cortex-M7
MMTAppReg3.MEMORYMAP.IPParameters=StartAddress,Size,CoreName,ContextName,Name
MMTAppReg3.MEMORYMAP.Name=RAM_D3
MMTAppReg3.MEMORYMAP.Size=16384
MMTAppReg3.MEMORYMAP.StartAddress=0x38000000
MMTAppReg4.MEMORYMAP.AppRegionName=ITCMRAM
MMTAppReg4.MEMORYMAP.Cacheability=WTRA
MMTAppReg4.MEMORYMAP.ContextName=Cortex-M7NS
MMTAppReg4.MEMORYMAP.CoreName=Arm Cortex-M7
MMTAppReg4.MEMORYMAP.IPParameters=StartAddress,Size,CoreName,ContextName,Name,Cacheability
MMTAppReg4.MEMORYMAP.Name=ITCMRAM
MMTAppReg4.MEMORYMAP.Size=65536
MMTAppReg4.MEMORYMAP.StartAddress=0x00000000
MMTAppReg5.MEMORYMAP.AP=RO_priv_only
MMTAppReg5.MEMORYMAP.AppRegionName=FLASH
MMTAppReg5.MEMORYMAP.Cacheability=WTRA
MMTAppReg5.MEMORYMAP.ContextName=Cortex-M7NS
MMTAppReg5.MEMORYMAP.CoreName=Arm Cortex-M7
MMTAppReg5.MEMORYMAP.DefaultCodeRegion=true
MMTAppReg5.MEMORYMAP.IPParameters=StartAddress,Size,CoreName,MemType,ContextName,Name,AP,Cacheability,DefaultCodeRegion,ISRRegion,RootBootRegion
MMTAppReg5.MEMORYMAP.ISRRegion=true
MMTAppReg5.MEMORYMAP.MemType=ROM
MMTAppReg5.MEMORYMAP.Name=FLASH
MMTAppReg5.MEMORYMAP.RootBootRegion=true
MMTAppReg5.MEMORYMAP.Size=1048576
MMTAppReg5.MEMORYMAP.StartAddress=0x08000000
MMTAppReg6.MEMORYMAP.AppRegionName=AXI_SRAM
MMTAppReg6.MEMORYMAP.ContextName=Cortex-M7NS
MMTAppReg6.MEMORYMAP.CoreName=Arm Cortex-M7
MMTAppReg6.MEMORYMAP.IPParameters=StartAddress,Size,CoreName,ContextName,Name
MMTAppReg6.MEMORYMAP.Name=AXI_SRAM
MMTAppReg6.MEMORYMAP.Size=131072
MMTAppReg6.MEMORYMAP.StartAddress=0x24000000
MMTAppRegionsCount=6
MMTConfigApplied=false
Mcu.CPN=STM32H733VGT6
Mcu.Family=STM32H7
Mcu.IP0=CORTEX_M7
Mcu.IP1=DEBUG
Mcu.IP10=SPI2
Mcu.IP11=SYS
Mcu.IP12=TIM1
Mcu.IP13=TIM6
Mcu.IP14=TIM7
Mcu.IP15=TIM12
Mcu.IP16=UART5
Mcu.IP17=UART7
Mcu.IP18=USART1
Mcu.IP19=USART10
Mcu.IP2=DMA
Mcu.IP3=FDCAN1
Mcu.IP4=FDCAN2
Mcu.IP5=FDCAN3
Mcu.IP6=MEMORYMAP
Mcu.IP7=NVIC
Mcu.IP8=OCTOSPI2
Mcu.IP9=RCC
Mcu.IPNb=20
Mcu.Name=STM32H733VGTx
Mcu.Package=LQFP100
Mcu.Pin0=PE2
Mcu.Pin1=PE3
Mcu.Pin10=PB0
Mcu.Pin11=PB2
Mcu.Pin12=PE7
Mcu.Pin13=PE8
Mcu.Pin14=PE10
Mcu.Pin15=PE11
Mcu.Pin16=PE12
Mcu.Pin17=PB13
Mcu.Pin18=PB15
Mcu.Pin19=PD11
Mcu.Pin2=PC13
Mcu.Pin20=PD12
Mcu.Pin21=PD13
Mcu.Pin22=PA9
Mcu.Pin23=PA10
Mcu.Pin24=PA13(JTMS/SWDIO)
Mcu.Pin25=PA14(JTCK/SWCLK)
Mcu.Pin26=PC12
Mcu.Pin27=PD0
Mcu.Pin28=PD1
Mcu.Pin29=PD2
Mcu.Pin3=PH0-OSC_IN
Mcu.Pin30=PB5
Mcu.Pin31=PB6
Mcu.Pin32=VP_OCTOSPI2_VS_quad
Mcu.Pin33=VP_SYS_VS_Systick
Mcu.Pin34=VP_TIM1_VS_ClockSourceINT
Mcu.Pin35=VP_TIM6_VS_ClockSourceINT
Mcu.Pin36=VP_TIM7_VS_ClockSourceINT
Mcu.Pin37=VP_TIM12_VS_ClockSourceINT
Mcu.Pin38=VP_MEMORYMAP_VS_MEMORYMAP
Mcu.Pin4=PH1-OSC_OUT
Mcu.Pin5=PC0
Mcu.Pin6=PC1
Mcu.Pin7=PC2_C
Mcu.Pin8=PA1
Mcu.Pin9=PA3
Mcu.PinsNb=39
Mcu.ThirdPartyNb=0
Mcu.UserConstants=
Mcu.UserName=STM32H733VGTx
MxCube.Version=6.14.1
MxDb.Version=DB.6.0.141
NVIC.BusFault_IRQn=true\:0\:0\:false\:false\:true\:false\:false\:false
NVIC.DMA1_Stream0_IRQn=true\:0\:0\:false\:false\:true\:false\:true\:true
NVIC.DMA1_Stream1_IRQn=true\:0\:0\:false\:false\:true\:false\:true\:true
NVIC.DMA1_Stream2_IRQn=true\:0\:0\:false\:false\:true\:false\:true\:true
NVIC.DMA1_Stream3_IRQn=true\:0\:0\:false\:false\:true\:false\:true\:true
NVIC.DMA1_Stream4_IRQn=true\:0\:0\:false\:false\:true\:false\:true\:true
NVIC.DMA1_Stream5_IRQn=true\:0\:0\:false\:false\:true\:false\:true\:true
NVIC.DebugMonitor_IRQn=true\:0\:0\:false\:false\:true\:false\:false\:false
NVIC.FDCAN1_IT0_IRQn=true\:0\:0\:false\:false\:true\:true\:true\:true
NVIC.FDCAN1_IT1_IRQn=true\:0\:0\:false\:false\:true\:true\:true\:true
NVIC.FDCAN2_IT0_IRQn=true\:0\:0\:false\:false\:true\:true\:true\:true
NVIC.FDCAN2_IT1_IRQn=true\:0\:0\:false\:false\:true\:true\:true\:true
NVIC.FDCAN3_IT0_IRQn=true\:0\:0\:false\:false\:true\:true\:true\:true
NVIC.FDCAN3_IT1_IRQn=true\:0\:0\:false\:false\:true\:true\:true\:true
NVIC.ForceEnableDMAVector=true
NVIC.HardFault_IRQn=true\:0\:0\:false\:false\:true\:false\:false\:false
NVIC.MemoryManagement_IRQn=true\:0\:0\:false\:false\:true\:false\:false\:false
NVIC.NonMaskableInt_IRQn=true\:0\:0\:false\:false\:true\:false\:false\:false
NVIC.PendSV_IRQn=true\:0\:0\:false\:false\:true\:false\:false\:false
NVIC.PriorityGroup=NVIC_PRIORITYGROUP_4
NVIC.SPI2_IRQn=true\:0\:0\:false\:false\:true\:false\:true\:true
NVIC.SVCall_IRQn=true\:0\:0\:false\:false\:true\:false\:false\:false
NVIC.SysTick_IRQn=true\:15\:0\:false\:false\:true\:false\:true\:false
NVIC.TIM6_DAC_IRQn=true\:2\:0\:true\:false\:true\:true\:false\:true
NVIC.TIM7_IRQn=true\:0\:0\:false\:false\:true\:true\:false\:true
NVIC.UART5_IRQn=true\:0\:0\:false\:false\:true\:true\:true\:true
NVIC.UART7_IRQn=true\:0\:0\:false\:false\:true\:true\:true\:true
NVIC.USART10_IRQn=true\:0\:0\:false\:false\:true\:true\:true\:true
NVIC.USART1_IRQn=true\:0\:0\:false\:false\:true\:true\:true\:true
NVIC.UsageFault_IRQn=true\:0\:0\:false\:false\:true\:false\:false\:false
OCTOSPI2.ClockMode=HAL_OSPI_CLOCK_MODE_3
OCTOSPI2.ClockPrescaler=3
OCTOSPI2.DeviceSize=23
OCTOSPI2.FifoThreshold=8
OCTOSPI2.IPParameters=FifoThreshold,DeviceSize,ClockMode,ClockPrescaler,SampleShifting
OCTOSPI2.SampleShifting=HAL_OSPI_SAMPLE_SHIFTING_HALFCYCLE
PA1.Locked=true
PA1.Mode=OCTOSPI2_IOL_Port1L
PA1.Signal=OCTOSPIM_P1_IO3
PA10.Locked=true
PA10.Mode=Asynchronous
PA10.Signal=USART1_RX
PA13(JTMS/SWDIO).Locked=true
PA13(JTMS/SWDIO).Mode=Serial_Wire
PA13(JTMS/SWDIO).Signal=DEBUG_JTMS-SWDIO
PA14(JTCK/SWCLK).Locked=true
PA14(JTCK/SWCLK).Mode=Serial_Wire
PA14(JTCK/SWCLK).Signal=DEBUG_JTCK-SWCLK
PA3.Locked=true
PA3.Mode=OCTOSPI2_IOL_Port1L
PA3.Signal=OCTOSPIM_P1_IO2
PA9.Locked=true
PA9.Mode=Asynchronous
PA9.Signal=USART1_TX
PB0.Mode=OCTOSPI2_IOL_Port1L
PB0.Signal=OCTOSPIM_P1_IO1
PB13.Locked=true
PB13.Mode=Full_Duplex_Master
PB13.Signal=SPI2_SCK
PB15.Locked=true
PB15.Signal=S_TIM12_CH2
PB2.Locked=true
PB2.Mode=O2_P1_CLK
PB2.Signal=OCTOSPIM_P1_CLK
PB5.Locked=true
PB5.Mode=FDCAN_Activate
PB5.Signal=FDCAN2_RX
PB6.Locked=true
PB6.Mode=FDCAN_Activate
PB6.Signal=FDCAN2_TX
PC0.GPIOParameters=GPIO_Speed,PinState,GPIO_PuPd,GPIO_Label
PC0.GPIO_Label=IMU_CS
PC0.GPIO_PuPd=GPIO_PULLUP
PC0.GPIO_Speed=GPIO_SPEED_FREQ_MEDIUM
PC0.Locked=true
PC0.PinState=GPIO_PIN_SET
PC0.Signal=GPIO_Output
PC1.Locked=true
PC1.Mode=Full_Duplex_Master
PC1.Signal=SPI2_MOSI
PC12.Locked=true
PC12.Mode=Asynchronous
PC12.Signal=UART5_TX
PC13.GPIOParameters=GPIO_Label
PC13.GPIO_Label=LED_PC13
PC13.Locked=true
PC13.Signal=GPIO_Output
PC2_C.Mode=Full_Duplex_Master
PC2_C.Signal=SPI2_MISO
PD0.Locked=true
PD0.Mode=FDCAN_Activate
PD0.Signal=FDCAN1_RX
PD1.Locked=true
PD1.Mode=FDCAN_Activate
PD1.Signal=FDCAN1_TX
PD11.Locked=true
PD11.Mode=OCTOSPI2_IOL_Port1L
PD11.Signal=OCTOSPIM_P1_IO0
PD12.Locked=true
PD12.Mode=FDCAN_Activate
PD12.Signal=FDCAN3_RX
PD13.Locked=true
PD13.Mode=FDCAN_Activate
PD13.Signal=FDCAN3_TX
PD2.Locked=true
PD2.Mode=Asynchronous
PD2.Signal=UART5_RX
PE10.GPIOParameters=GPIO_PuPd
PE10.GPIO_PuPd=GPIO_PULLUP
PE10.Locked=true
PE10.Signal=GPIO_Input
PE11.Mode=OCTOSPI2_Port1_NCS
PE11.Signal=OCTOSPIM_P1_NCS
PE12.Locked=true
PE12.Mode=PWM Generation3 CH3N
PE12.Signal=TIM1_CH3N
PE2.Locked=true
PE2.Mode=Asynchronous
PE2.Signal=USART10_RX
PE3.Locked=true
PE3.Mode=Asynchronous
PE3.Signal=USART10_TX
PE7.Locked=true
PE7.Mode=Asynchronous
PE7.Signal=UART7_RX
PE8.Locked=true
PE8.Mode=Asynchronous
PE8.Signal=UART7_TX
PH0-OSC_IN.Mode=HSE-External-Oscillator
PH0-OSC_IN.Signal=RCC_OSC_IN
PH1-OSC_OUT.Mode=HSE-External-Oscillator
PH1-OSC_OUT.Signal=RCC_OSC_OUT
PinOutPanel.RotationAngle=0
ProjectManager.AskForMigrate=true
ProjectManager.BackupPrevious=false
ProjectManager.CompilerLinker=GCC
ProjectManager.CompilerOptimize=6
ProjectManager.ComputerToolchain=false
ProjectManager.CoupleFile=true
ProjectManager.CustomerFirmwarePackage=
ProjectManager.DefaultFWLocation=true
ProjectManager.DeletePrevious=true
ProjectManager.DeviceId=STM32H733VGTx
ProjectManager.FirmwarePackage=STM32Cube FW_H7 V1.12.1
ProjectManager.FreePins=false
ProjectManager.HalAssertFull=false
ProjectManager.HeapSize=0x200
ProjectManager.KeepUserCode=true
ProjectManager.LastFirmware=true
ProjectManager.LibraryCopy=1
ProjectManager.MainLocation=Core/Src
ProjectManager.NoMain=false
ProjectManager.PreviousToolchain=
ProjectManager.ProjectBuild=false
ProjectManager.ProjectFileName=RM25_firmware.ioc
ProjectManager.ProjectName=RM25_firmware
ProjectManager.ProjectStructure=
ProjectManager.RegisterCallBack=
ProjectManager.StackSize=0x400
ProjectManager.TargetToolchain=Makefile
ProjectManager.ToolChainLocation=
ProjectManager.UAScriptAfterPath=
ProjectManager.UAScriptBeforePath=
ProjectManager.UnderRoot=false
ProjectManager.functionlistsort=1-SystemClock_Config-RCC-false-HAL-false,2-MX_GPIO_Init-GPIO-false-HAL-true,3-MX_DMA_Init-DMA-false-HAL-true,4-MX_FDCAN1_Init-FDCAN1-false-HAL-true,5-MX_FDCAN2_Init-FDCAN2-false-HAL-true,6-MX_FDCAN3_Init-FDCAN3-false-HAL-true,7-MX_TIM12_Init-TIM12-false-LL-true,8-MX_UART7_Init-UART7-false-HAL-true,9-MX_UART5_Init-UART5-false-HAL-true,10-MX_USART1_UART_Init-USART1-false-HAL-true,11-MX_USART10_UART_Init-USART10-false-HAL-true,12-MX_OCTOSPI2_Init-OCTOSPI2-false-HAL-true,13-MX_SPI2_Init-SPI2-false-HAL-true,14-MX_TIM7_Init-TIM7-false-HAL-true,15-MX_TIM1_Init-TIM1-false-HAL-true,16-MX_TIM6_Init-TIM6-false-HAL-true,0-MX_CORTEX_M7_Init-CORTEX_M7-false-HAL-true
RCC.ADCFreq_Value=80000000
RCC.AHB12Freq_Value=275000000
RCC.AHB4Freq_Value=275000000
RCC.APB1Freq_Value=137500000
RCC.APB2Freq_Value=137500000
RCC.APB3Freq_Value=137500000
RCC.APB4Freq_Value=137500000
RCC.AXIClockFreq_Value=275000000
RCC.CECFreq_Value=32000
RCC.CKPERFreq_Value=64000000
RCC.CortexFreq_Value=550000000
RCC.CpuClockFreq_Value=550000000
RCC.D1CPREFreq_Value=550000000
RCC.D1PPRE=RCC_APB3_DIV2
RCC.D2PPRE1=RCC_APB1_DIV2
RCC.D2PPRE2=RCC_APB2_DIV2
RCC.D3PPRE=RCC_APB4_DIV2
RCC.DFSDMACLkFreq_Value=50000000
RCC.DFSDMFreq_Value=137500000
RCC.DIVM1=12
RCC.DIVM2=24
RCC.DIVM3=24
RCC.DIVN1=275
RCC.DIVN2=160
RCC.DIVN3=192
RCC.DIVP1=1
RCC.DIVP1Freq_Value=550000000
RCC.DIVP2Freq_Value=80000000
RCC.DIVP3Freq_Value=96000000
RCC.DIVQ1=11
RCC.DIVQ1Freq_Value=50000000
RCC.DIVQ2Freq_Value=80000000
RCC.DIVQ3Freq_Value=96000000
RCC.DIVR1Freq_Value=275000000
RCC.DIVR2Freq_Value=80000000
RCC.DIVR3Freq_Value=96000000
RCC.FDCANCLockSelection=RCC_FDCANCLKSOURCE_PLL2
RCC.FDCANFreq_Value=80000000
RCC.FMCFreq_Value=275000000
RCC.FamilyName=M
RCC.HCLK3ClockFreq_Value=275000000
RCC.HCLKFreq_Value=275000000
RCC.HPRE=RCC_HCLK_DIV2
RCC.HSE_VALUE=24000000
RCC.I2C123Freq_Value=137500000
RCC.I2C4Freq_Value=137500000
RCC.IPParameters=ADCFreq_Value,AHB12Freq_Value,AHB4Freq_Value,APB1Freq_Value,APB2Freq_Value,APB3Freq_Value,APB4Freq_Value,AXIClockFreq_Value,CECFreq_Value,CKPERFreq_Value,CortexFreq_Value,CpuClockFreq_Value,D1CPREFreq_Value,D1PPRE,D2PPRE1,D2PPRE2,D3PPRE,DFSDMACLkFreq_Value,DFSDMFreq_Value,DIVM1,DIVM2,DIVM3,DIVN1,DIVN2,DIVN3,DIVP1,DIVP1Freq_Value,DIVP2Freq_Value,DIVP3Freq_Value,DIVQ1,DIVQ1Freq_Value,DIVQ2Freq_Value,DIVQ3Freq_Value,DIVR1Freq_Value,DIVR2Freq_Value,DIVR3Freq_Value,FDCANCLockSelection,FDCANFreq_Value,FMCFreq_Value,FamilyName,HCLK3ClockFreq_Value,HCLKFreq_Value,HPRE,HSE_VALUE,I2C123Freq_Value,I2C4Freq_Value,LPTIM1Freq_Value,LPTIM2Freq_Value,LPTIM345Freq_Value,LPUART1Freq_Value,LTDCFreq_Value,MCO1PinFreq_Value,MCO2PinFreq_Value,PLLSourceVirtual,QSPIFreq_Value,RNGFreq_Value,RTCFreq_Value,SAI1Freq_Value,SAI4AFreq_Value,SAI4BFreq_Value,SDMMCFreq_Value,SPDIFRXFreq_Value,SPI123CLockSelection,SPI123Freq_Value,SPI45Freq_Value,SPI6Freq_Value,SWPMI1Freq_Value,SYSCLKFreq_VALUE,SYSCLKSource,SupplySource,Tim1OutputFreq_Value,Tim2OutputFreq_Value,TraceFreq_Value,USART16Freq_Value,USART234578Freq_Value,USBFreq_Value,VCO1OutputFreq_Value,VCO2OutputFreq_Value,VCO3OutputFreq_Value,VCOInput1Freq_Value,VCOInput2Freq_Value,VCOInput3Freq_Value
RCC.LPTIM1Freq_Value=137500000
RCC.LPTIM2Freq_Value=137500000
RCC.LPTIM345Freq_Value=137500000
RCC.LPUART1Freq_Value=137500000
RCC.LTDCFreq_Value=96000000
RCC.MCO1PinFreq_Value=64000000
RCC.MCO2PinFreq_Value=550000000
RCC.PLLSourceVirtual=RCC_PLLSOURCE_HSE
RCC.QSPIFreq_Value=275000000
RCC.RNGFreq_Value=48000000
RCC.RTCFreq_Value=32000
RCC.SAI1Freq_Value=50000000
RCC.SAI4AFreq_Value=50000000
RCC.SAI4BFreq_Value=50000000
RCC.SDMMCFreq_Value=50000000
RCC.SPDIFRXFreq_Value=50000000
RCC.SPI123CLockSelection=RCC_SPI123CLKSOURCE_PLL3
RCC.SPI123Freq_Value=96000000
RCC.SPI45Freq_Value=137500000
RCC.SPI6Freq_Value=137500000
RCC.SWPMI1Freq_Value=137500000
RCC.SYSCLKFreq_VALUE=550000000
RCC.SYSCLKSource=RCC_SYSCLKSOURCE_PLLCLK
RCC.SupplySource=PWR_EXTERNAL_SOURCE_SUPPLY
RCC.Tim1OutputFreq_Value=275000000
RCC.Tim2OutputFreq_Value=275000000
RCC.TraceFreq_Value=275000000
RCC.USART16Freq_Value=137500000
RCC.USART234578Freq_Value=137500000
RCC.USBFreq_Value=50000000
RCC.VCO1OutputFreq_Value=550000000
RCC.VCO2OutputFreq_Value=160000000
RCC.VCO3OutputFreq_Value=192000000
RCC.VCOInput1Freq_Value=2000000
RCC.VCOInput2Freq_Value=1000000
RCC.VCOInput3Freq_Value=1000000
SH.S_TIM12_CH2.0=TIM12_CH2,Output Compare2 CH2
SH.S_TIM12_CH2.ConfNb=1
SPI2.BaudRatePrescaler=SPI_BAUDRATEPRESCALER_4
SPI2.CLKPhase=SPI_PHASE_2EDGE
SPI2.CLKPolarity=SPI_POLARITY_HIGH
SPI2.CalculateBaudRate=24.0 MBits/s
SPI2.DataSize=SPI_DATASIZE_8BIT
SPI2.Direction=SPI_DIRECTION_2LINES
SPI2.IPParameters=VirtualType,Mode,Direction,CalculateBaudRate,DataSize,BaudRatePrescaler,CLKPolarity,CLKPhase
SPI2.Mode=SPI_MODE_MASTER
SPI2.VirtualType=VM_MASTER
TIM1.AutoReloadPreload=TIM_AUTORELOAD_PRELOAD_ENABLE
TIM1.Channel-PWM\ Generation3\ CH3N=TIM_CHANNEL_3
TIM1.IPParameters=Channel-PWM Generation3 CH3N,Prescaler,Period,AutoReloadPreload,Pulse-PWM Generation3 CH3N,OC3Preload_PWM
TIM1.OC3Preload_PWM=DISABLE
TIM1.Period=24
TIM1.Prescaler=274
TIM1.Pulse-PWM\ Generation3\ CH3N=12
TIM12.AutoReloadPreload=TIM_AUTORELOAD_PRELOAD_ENABLE
TIM12.Channel-Output\ Compare2\ CH2=TIM_CHANNEL_2
TIM12.IPParameters=Channel-Output Compare2 CH2,Prescaler,Period,AutoReloadPreload,OCMode_2,Pulse-Output Compare2 CH2,OC2Preload
TIM12.OC2Preload=ENABLE
TIM12.OCMode_2=TIM_OCMODE_TOGGLE
TIM12.Period=249
TIM12.Prescaler=549
TIM12.Pulse-Output\ Compare2\ CH2=5
TIM6.AutoReloadPreload=TIM_AUTORELOAD_PRELOAD_ENABLE
TIM6.IPParameters=Prescaler,Period,AutoReloadPreload
TIM6.Period=49
TIM6.Prescaler=274
TIM7.AutoReloadPreload=TIM_AUTORELOAD_PRELOAD_ENABLE
TIM7.IPParameters=AutoReloadPreload,Prescaler,Period
TIM7.Period=499
TIM7.Prescaler=549
UART5.BaudRate=100000
UART5.IPParameters=BaudRate,WordLength,Parity,OverrunDisableParam
UART5.OverrunDisableParam=UART_ADVFEATURE_OVERRUN_ENABLE
UART5.Parity=PARITY_EVEN
UART5.WordLength=WORDLENGTH_9B
UART7.BaudRate=921600
UART7.IPParameters=BaudRate
USART1.IPParameters=VirtualMode-Asynchronous
USART1.VirtualMode-Asynchronous=VM_ASYNC
USART10.BaudRate=230400
USART10.IPParameters=VirtualMode,BaudRate
USART10.VirtualMode=VM_ASYNC
VP_MEMORYMAP_VS_MEMORYMAP.Mode=CurAppReg
VP_MEMORYMAP_VS_MEMORYMAP.Signal=MEMORYMAP_VS_MEMORYMAP
VP_OCTOSPI2_VS_quad.Mode=quad_mode
VP_OCTOSPI2_VS_quad.Signal=OCTOSPI2_VS_quad
VP_SYS_VS_Systick.Mode=SysTick
VP_SYS_VS_Systick.Signal=SYS_VS_Systick
VP_TIM12_VS_ClockSourceINT.Mode=Internal
VP_TIM12_VS_ClockSourceINT.Signal=TIM12_VS_ClockSourceINT
VP_TIM1_VS_ClockSourceINT.Mode=Internal
VP_TIM1_VS_ClockSourceINT.Signal=TIM1_VS_ClockSourceINT
VP_TIM6_VS_ClockSourceINT.Mode=Enable_Timer
VP_TIM6_VS_ClockSourceINT.Signal=TIM6_VS_ClockSourceINT
VP_TIM7_VS_ClockSourceINT.Mode=Enable_Timer
VP_TIM7_VS_ClockSourceINT.Signal=TIM7_VS_ClockSourceINT
board=custom
